# THIS IS AN AUTOGENERATED FILE. DO NOT EDIT THIS FILE DIRECTLY.
# yarn lockfile v1


date-fns@^2.2.1:
  version "2.2.1"
  resolved "https://registry.yarnpkg.com/date-fns/-/date-fns-2.2.1.tgz#b3f79cf56760af106050c686f4c72586a3383ee9"
  integrity sha512-4V1i5CnTinjBvJpXTq7sDHD4NY6JPcl15112IeSNNLUWQOQ+kIuCvRGOFZMQZNvkadw8F9QTyZxz59rIRU6K+w==
